{
  "lockfile_version": "1",
  "packages": {
    "darwin.apple_sdk.frameworks.SystemConfiguration": {
      "resolved": "github:NixOS/nixpkgs/75a52265bda7fd25e06e3a67dee3f0354e73243c#darwin.apple_sdk.frameworks.SystemConfiguration",
      "source": "nixpkg"
    },
    "libiconv@latest": {
      "last_modified": "2024-09-10T15:01:03Z",
      "resolved": "github:NixOS/nixpkgs/5ed627539ac84809c78b2dd6d26a5cebeb5ae269#libiconv",
      "source": "devbox-search",
      "version": "99",
      "systems": {
        "aarch64-darwin": {
          "outputs": [
            {
              "name": "out",
              "path": "/nix/store/cjzmz9dskblgkbv4by2wnsyvdjw6jpcm-libiconv-99",
              "default": true
            },
            {
              "name": "dev",
              "path": "/nix/store/r2jkk7lsmi17m5lp3r7aip9626n07qfz-libiconv-99-dev"
            }
          ],
          "store_path": "/nix/store/cjzmz9dskblgkbv4by2wnsyvdjw6jpcm-libiconv-99"
        },
        "x86_64-darwin": {
          "outputs": [
            {
              "name": "out",
              "path": "/nix/store/byx7hpi5hblzk8hpfd5pg2v7a63m5j15-libiconv-99",
              "default": true
            },
            {
              "name": "dev",
              "path": "/nix/store/iqgcmki7xk4v9fzk67wm63fwjby97cln-libiconv-99-dev"
            }
          ],
          "store_path": "/nix/store/byx7hpi5hblzk8hpfd5pg2v7a63m5j15-libiconv-99"
        }
      }
    },
    "openssl_3_3@3.3.2": {
      "last_modified": "2024-10-16T02:16:09Z",
      "resolved": "github:NixOS/nixpkgs/70cc7b62f2b448a487de36e1fd714693c59c4719#openssl_3_3",
      "source": "devbox-search",
      "version": "3.3.2",
      "systems": {
        "aarch64-darwin": {
          "outputs": [
            {
              "name": "bin",
              "path": "/nix/store/4z49ipnnhd6d760dhsadsfch3hd4l8cy-openssl-3.3.2-bin",
              "default": true
            },
            {
              "name": "man",
              "path": "/nix/store/ff1l8l722c0md71jvfhziq8ss3c3f0nq-openssl-3.3.2-man",
              "default": true
            },
            {
              "name": "dev",
              "path": "/nix/store/j3sph6ilpw2420xb36dil46k6xwc1hvh-openssl-3.3.2-dev"
            },
            {
              "name": "doc",
              "path": "/nix/store/zk3yjv99drhf49rml0kaxk46f7p643ag-openssl-3.3.2-doc"
            },
            {
              "name": "out",
              "path": "/nix/store/p93vrp5zbi0mqw2nafi4hhh0ndyzvh0f-openssl-3.3.2"
            }
          ],
          "store_path": "/nix/store/4z49ipnnhd6d760dhsadsfch3hd4l8cy-openssl-3.3.2-bin"
        },
        "x86_64-darwin": {
          "outputs": [
            {
              "name": "bin",
              "path": "/nix/store/y3a0g2w0k5swnppd3fn60b4pcxy9m62q-openssl-3.3.2-bin",
              "default": true
            },
            {
              "name": "man",
              "path": "/nix/store/2s4cymsmdcfjric941jvvdql2mp1crwf-openssl-3.3.2-man",
              "default": true
            },
            {
              "name": "dev",
              "path": "/nix/store/1a4y7gh5qxjkjj5kqhgqlnmi2wr4w96s-openssl-3.3.2-dev"
            },
            {
              "name": "doc",
              "path": "/nix/store/blb5m188zh89i4k04xs2ki4faqr6p3pa-openssl-3.3.2-doc"
            },
            {
              "name": "out",
              "path": "/nix/store/jjq56yfgvs61h24xykhmxmn5cjl230q3-openssl-3.3.2"
            }
          ],
          "store_path": "/nix/store/y3a0g2w0k5swnppd3fn60b4pcxy9m62q-openssl-3.3.2-bin"
        }
      }
    },
    "pkg-config@latest": {
      "last_modified": "2024-10-13T23:44:06Z",
      "resolved": "github:NixOS/nixpkgs/d4f247e89f6e10120f911e2e2d2254a050d0f732#pkg-config",
      "source": "devbox-search",
      "version": "0.29.2",
      "systems": {
        "aarch64-darwin": {
          "outputs": [
            {
              "name": "out",
              "path": "/nix/store/x1779s197x1g32pfbm2xaqp4v7158z7l-pkg-config-wrapper-0.29.2",
              "default": true
            },
            {
              "name": "man",
              "path": "/nix/store/rynrbfp1j1cc012hq46sss03r2vgh13k-pkg-config-wrapper-0.29.2-man",
              "default": true
            },
            {
              "name": "doc",
              "path": "/nix/store/nw4nlx2v34v8iy6mkq0b0i4ip0qy1v97-pkg-config-wrapper-0.29.2-doc"
            }
          ],
          "store_path": "/nix/store/x1779s197x1g32pfbm2xaqp4v7158z7l-pkg-config-wrapper-0.29.2"
        },
        "aarch64-linux": {
          "outputs": [
            {
              "name": "out",
              "path": "/nix/store/m4snqj8ijxs3cjrc8vxmpd7z141a52s6-pkg-config-wrapper-0.29.2",
              "default": true
            },
            {
              "name": "man",
              "path": "/nix/store/hnl03h5w8rpaxgw9495f6ixl324y4lpx-pkg-config-wrapper-0.29.2-man",
              "default": true
            },
            {
              "name": "doc",
              "path": "/nix/store/vqlzlfdzqi1phgx3dgqdzk00748b26n0-pkg-config-wrapper-0.29.2-doc"
            }
          ],
          "store_path": "/nix/store/m4snqj8ijxs3cjrc8vxmpd7z141a52s6-pkg-config-wrapper-0.29.2"
        },
        "x86_64-darwin": {
          "outputs": [
            {
              "name": "out",
              "path": "/nix/store/fz33c0w5zjragrniihagc367gyq6x165-pkg-config-wrapper-0.29.2",
              "default": true
            },
            {
              "name": "man",
              "path": "/nix/store/rcpfih5fin18ij985rmsxxw4535nwmax-pkg-config-wrapper-0.29.2-man",
              "default": true
            },
            {
              "name": "doc",
              "path": "/nix/store/lrsnjnqpvfyj7s15d4k41pl83dc3y6fi-pkg-config-wrapper-0.29.2-doc"
            }
          ],
          "store_path": "/nix/store/fz33c0w5zjragrniihagc367gyq6x165-pkg-config-wrapper-0.29.2"
        },
        "x86_64-linux": {
          "outputs": [
            {
              "name": "out",
              "path": "/nix/store/mi7q9m86m3rkqmc0niyvfv25ji9fxxha-pkg-config-wrapper-0.29.2",
              "default": true
            },
            {
              "name": "man",
              "path": "/nix/store/5jkknl6287w5kkniyrkmj5i2sqcdr4jp-pkg-config-wrapper-0.29.2-man",
              "default": true
            },
            {
              "name": "doc",
              "path": "/nix/store/78pnh0l35ckpdxw13gamc8bs9b55cxin-pkg-config-wrapper-0.29.2-doc"
            }
          ],
          "store_path": "/nix/store/mi7q9m86m3rkqmc0niyvfv25ji9fxxha-pkg-config-wrapper-0.29.2"
        }
      }
    },
    "rustup@latest": {
      "last_modified": "2024-09-10T15:01:03Z",
      "plugin_version": "0.0.1",
      "resolved": "github:NixOS/nixpkgs/5ed627539ac84809c78b2dd6d26a5cebeb5ae269#rustup",
      "source": "devbox-search",
      "version": "1.27.1",
      "systems": {
        "aarch64-darwin": {
          "outputs": [
            {
              "name": "out",
              "path": "/nix/store/prbpax89x3wad4f2ckjbxs5z9bh39yfj-rustup-1.27.1",
              "default": true
            }
          ],
          "store_path": "/nix/store/prbpax89x3wad4f2ckjbxs5z9bh39yfj-rustup-1.27.1"
        },
        "aarch64-linux": {
          "outputs": [
            {
              "name": "out",
              "path": "/nix/store/cw6vj5y265hixh2l80rwv7pb9n39s80s-rustup-1.27.1",
              "default": true
            }
          ],
          "store_path": "/nix/store/cw6vj5y265hixh2l80rwv7pb9n39s80s-rustup-1.27.1"
        },
        "x86_64-darwin": {
          "outputs": [
            {
              "name": "out",
              "path": "/nix/store/hf2hwb243fwclc417mmacyyas2fnkqxg-rustup-1.27.1",
              "default": true
            }
          ],
          "store_path": "/nix/store/hf2hwb243fwclc417mmacyyas2fnkqxg-rustup-1.27.1"
        },
        "x86_64-linux": {
          "outputs": [
            {
              "name": "out",
              "path": "/nix/store/a04bnqgj3mvg777a70jymwnxcgm7cdcv-rustup-1.27.1",
              "default": true
            }
          ],
          "store_path": "/nix/store/a04bnqgj3mvg777a70jymwnxcgm7cdcv-rustup-1.27.1"
        }
      }
    }
  }
}
