{
  "lockfile_version": "1",
  "packages": {
    "cargo@1.84": {
      "last_modified": "2025-02-07T11:26:36Z",
      "resolved": "github:NixOS/nixpkgs/d98abf5cf5914e5e4e9d57205e3af55ca90ffc1d#cargo",
      "source": "devbox-search",
      "version": "1.84.0",
      "systems": {
        "aarch64-darwin": {
          "outputs": [
            {
              "name": "out",
              "path": "/nix/store/f6ffl4j307l0yvk7mywbsf59gmrkn7pc-cargo-1.84.0",
              "default": true
            }
          ],
          "store_path": "/nix/store/f6ffl4j307l0yvk7mywbsf59gmrkn7pc-cargo-1.84.0"
        },
        "aarch64-linux": {
          "outputs": [
            {
              "name": "out",
              "path": "/nix/store/svw4q7s6sn5iisvc3r14i6hkx819ypg2-cargo-1.84.0",
              "default": true
            }
          ],
          "store_path": "/nix/store/svw4q7s6sn5iisvc3r14i6hkx819ypg2-cargo-1.84.0"
        },
        "x86_64-darwin": {
          "outputs": [
            {
              "name": "out",
              "path": "/nix/store/7nbcrxfxcpsapbbjh9gkapaz5n7llwcx-cargo-1.84.0",
              "default": true
            }
          ],
          "store_path": "/nix/store/7nbcrxfxcpsapbbjh9gkapaz5n7llwcx-cargo-1.84.0"
        },
        "x86_64-linux": {
          "outputs": [
            {
              "name": "out",
              "path": "/nix/store/q01clim33r4zdcmmdymmzz6icalpx00s-cargo-1.84.0",
              "default": true
            }
          ],
          "store_path": "/nix/store/q01clim33r4zdcmmdymmzz6icalpx00s-cargo-1.84.0"
        }
      }
    },
    "darwin.apple_sdk.frameworks.SystemConfiguration": {
      "resolved": "github:NixOS/nixpkgs/2d068ae5c6516b2d04562de50a58c682540de9bf?narHash=sha256-XcdiWLEhjJkMxDLKQJ0CCivmYYCvA5MDxu9pMybM5kM%3D#darwin.apple_sdk.frameworks.SystemConfiguration",
      "source": "nixpkg",
      "systems": {
        "aarch64-darwin": {
          "outputs": [
            {
              "path": "/nix/store/vw2jqvfzxfzsd6jqrcwcaljp1cqk3s14-SystemConfiguration-11.0",
              "default": true
            }
          ]
        }
      }
    },
    "github:NixOS/nixpkgs/nixpkgs-unstable": {
      "resolved": "github:NixOS/nixpkgs/2d068ae5c6516b2d04562de50a58c682540de9bf?lastModified=1740303746&narHash=sha256-XcdiWLEhjJkMxDLKQJ0CCivmYYCvA5MDxu9pMybM5kM%3D"
    },
    "libiconv@latest": {
      "last_modified": "2025-02-07T11:26:36Z",
      "resolved": "github:NixOS/nixpkgs/d98abf5cf5914e5e4e9d57205e3af55ca90ffc1d#libiconv",
      "source": "devbox-search",
      "version": "2.40",
      "systems": {
        "aarch64-darwin": {
          "outputs": [
            {
              "path": "/nix/store/msf2qxhv4971d669lmmjfp7kynj34jsy-libiconv-107",
              "default": true
            }
          ]
        },
        "aarch64-linux": {
          "outputs": [
            {
              "name": "out",
              "path": "/nix/store/pgx7xylvqxbz6npcykm0wvbldv3pa3xd-glibc-iconv-2.40",
              "default": true
            }
          ],
          "store_path": "/nix/store/pgx7xylvqxbz6npcykm0wvbldv3pa3xd-glibc-iconv-2.40"
        },
        "x86_64-linux": {
          "outputs": [
            {
              "name": "out",
              "path": "/nix/store/ir5078058nmc9rx6w0r4mk7jkzqxjqsz-glibc-iconv-2.40",
              "default": true
            }
          ],
          "store_path": "/nix/store/ir5078058nmc9rx6w0r4mk7jkzqxjqsz-glibc-iconv-2.40"
        }
      }
    },
    "openssl_3_3@3.3.2": {
      "last_modified": "2025-02-13T21:40:15Z",
      "resolved": "github:NixOS/nixpkgs/ba0939c506a03c60a765cd7f7c43794816540eec#openssl_3_3",
      "source": "devbox-search",
      "version": "3.3.2",
      "systems": {
        "aarch64-darwin": {
          "outputs": [
            {
              "name": "bin",
              "path": "/nix/store/6v850i5glfpsv9mdjmrpwk1wdpybmv5k-openssl-3.3.2-bin",
              "default": true
            },
            {
              "name": "man",
              "path": "/nix/store/chn5gcmq9324agghis5f5qwg9qjrn55s-openssl-3.3.2-man",
              "default": true
            },
            {
              "name": "dev",
              "path": "/nix/store/fd70pcq6qrb6naywqikdq7pqc44zhas1-openssl-3.3.2-dev"
            },
            {
              "name": "doc",
              "path": "/nix/store/qg1n8196h25sz24x9gw0560hrpljvfzk-openssl-3.3.2-doc"
            },
            {
              "name": "out",
              "path": "/nix/store/d1jb3m3my2axg9himzbrd65dmcwyn6qy-openssl-3.3.2"
            }
          ],
          "store_path": "/nix/store/6v850i5glfpsv9mdjmrpwk1wdpybmv5k-openssl-3.3.2-bin"
        },
        "x86_64-darwin": {
          "outputs": [
            {
              "name": "bin",
              "path": "/nix/store/5ygd1snlxgmw1advz09gbrflxw3476v2-openssl-3.3.2-bin",
              "default": true
            },
            {
              "name": "man",
              "path": "/nix/store/izc483rdfqfj8m8hfbjb8d2dpa7kbw8n-openssl-3.3.2-man",
              "default": true
            },
            {
              "name": "dev",
              "path": "/nix/store/c39r6v2f4j963sr9s7ghglm8jks9vni3-openssl-3.3.2-dev"
            },
            {
              "name": "doc",
              "path": "/nix/store/9rn99wqg9kkfkalynangyy4950gjb35c-openssl-3.3.2-doc"
            },
            {
              "name": "out",
              "path": "/nix/store/vl215af4rzbrchba1bldypmc9l24lfc8-openssl-3.3.2"
            }
          ],
          "store_path": "/nix/store/5ygd1snlxgmw1advz09gbrflxw3476v2-openssl-3.3.2-bin"
        }
      }
    },
    "pkg-config@latest": {
      "last_modified": "2025-02-07T11:26:36Z",
      "resolved": "github:NixOS/nixpkgs/d98abf5cf5914e5e4e9d57205e3af55ca90ffc1d#pkg-config",
      "source": "devbox-search",
      "version": "0.29.2",
      "systems": {
        "aarch64-darwin": {
          "outputs": [
            {
              "name": "out",
              "path": "/nix/store/iypcgg2n0fgqlnm2v9j4j7p5nsfynyhd-pkg-config-wrapper-0.29.2",
              "default": true
            },
            {
              "name": "man",
              "path": "/nix/store/fziphl0a64sxri96jdazm3ajqys8vjfp-pkg-config-wrapper-0.29.2-man",
              "default": true
            },
            {
              "name": "doc",
              "path": "/nix/store/l3jbyzlhs9n9xk9s17bzcw5sfk8fp383-pkg-config-wrapper-0.29.2-doc"
            }
          ],
          "store_path": "/nix/store/iypcgg2n0fgqlnm2v9j4j7p5nsfynyhd-pkg-config-wrapper-0.29.2"
        },
        "aarch64-linux": {
          "outputs": [
            {
              "name": "out",
              "path": "/nix/store/r64x2sykb0nbk875808l6xxyy1f234j4-pkg-config-wrapper-0.29.2",
              "default": true
            },
            {
              "name": "man",
              "path": "/nix/store/7j9vkdkyv5764hwrcxqic1q3qxfnzyhq-pkg-config-wrapper-0.29.2-man",
              "default": true
            },
            {
              "name": "doc",
              "path": "/nix/store/33z266ydfzjih1xn38yd72x35dwa4d4f-pkg-config-wrapper-0.29.2-doc"
            }
          ],
          "store_path": "/nix/store/r64x2sykb0nbk875808l6xxyy1f234j4-pkg-config-wrapper-0.29.2"
        },
        "x86_64-darwin": {
          "outputs": [
            {
              "name": "out",
              "path": "/nix/store/nwd9bgqpn86z28kl46q0hy0k8n0wmfza-pkg-config-wrapper-0.29.2",
              "default": true
            },
            {
              "name": "man",
              "path": "/nix/store/jwyhiq9b8azcw4bvhf9ndm1i0wln873n-pkg-config-wrapper-0.29.2-man",
              "default": true
            },
            {
              "name": "doc",
              "path": "/nix/store/hjjcbav5yd94k6m9m53y3q9afzbxaggy-pkg-config-wrapper-0.29.2-doc"
            }
          ],
          "store_path": "/nix/store/nwd9bgqpn86z28kl46q0hy0k8n0wmfza-pkg-config-wrapper-0.29.2"
        },
        "x86_64-linux": {
          "outputs": [
            {
              "name": "out",
              "path": "/nix/store/zbpskag55c4qvpzjvwrlxqs40lj65mwn-pkg-config-wrapper-0.29.2",
              "default": true
            },
            {
              "name": "man",
              "path": "/nix/store/6fnns8npgj57hfshpcshirwq1vxdpmwh-pkg-config-wrapper-0.29.2-man",
              "default": true
            },
            {
              "name": "doc",
              "path": "/nix/store/zp2xwxgkwb42nbymnxz6skgdr2f7x14m-pkg-config-wrapper-0.29.2-doc"
            }
          ],
          "store_path": "/nix/store/zbpskag55c4qvpzjvwrlxqs40lj65mwn-pkg-config-wrapper-0.29.2"
        }
      }
    },
    "rustup@latest": {
      "last_modified": "2025-02-07T11:26:36Z",
      "plugin_version": "0.0.1",
      "resolved": "github:NixOS/nixpkgs/d98abf5cf5914e5e4e9d57205e3af55ca90ffc1d#rustup",
      "source": "devbox-search",
      "version": "1.27.1",
      "systems": {
        "aarch64-darwin": {
          "outputs": [
            {
              "name": "out",
              "path": "/nix/store/9b8v9lji5gjw5cj7f2nv3l184zyg0m3a-rustup-1.27.1",
              "default": true
            }
          ],
          "store_path": "/nix/store/9b8v9lji5gjw5cj7f2nv3l184zyg0m3a-rustup-1.27.1"
        },
        "aarch64-linux": {
          "outputs": [
            {
              "name": "out",
              "path": "/nix/store/d2g7zcymlvc5cjqcdpbqgrzzg2swwzik-rustup-1.27.1",
              "default": true
            }
          ],
          "store_path": "/nix/store/d2g7zcymlvc5cjqcdpbqgrzzg2swwzik-rustup-1.27.1"
        },
        "x86_64-darwin": {
          "outputs": [
            {
              "name": "out",
              "path": "/nix/store/pxbbd2112rlz283k82rsk0mfc9bw0jkb-rustup-1.27.1",
              "default": true
            }
          ],
          "store_path": "/nix/store/pxbbd2112rlz283k82rsk0mfc9bw0jkb-rustup-1.27.1"
        },
        "x86_64-linux": {
          "outputs": [
            {
              "name": "out",
              "path": "/nix/store/dqz7ghl1i46i8nswvkkl3h3jbhxkbchg-rustup-1.27.1",
              "default": true
            }
          ],
          "store_path": "/nix/store/dqz7ghl1i46i8nswvkkl3h3jbhxkbchg-rustup-1.27.1"
        }
      }
    }
  }
}
